
Microsoft Visual Studio Solution File, Format Version 12.00
# Visual Studio Version 17
VisualStudioVersion = 17.14.36518.9 d17.14
MinimumVisualStudioVersion = 10.0.40219.1
Project("{F184B08F-C81C-45F6-A57F-5ABD9991F28F}") = "Bibliothekssystem in VB.NET - Arthur Bichert", "Bibliothekssystem in VB.NET - Arthur Bichert.vbproj", "{FFCAE5EC-E9E1-40C0-8621-1DEE9074ACAE}"
EndProject
Global
	GlobalSection(SolutionConfigurationPlatforms) = preSolution
		Debug|Any CPU = Debug|Any CPU
		Release|Any CPU = Release|Any CPU
	EndGlobalSection
	GlobalSection(ProjectConfigurationPlatforms) = postSolution
		{FFCAE5EC-E9E1-40C0-8621-1DEE9074ACAE}.Debug|Any CPU.ActiveCfg = Debug|Any CPU
		{FFCAE5EC-E9E1-40C0-8621-1DEE9074ACAE}.Debug|Any CPU.Build.0 = Debug|Any CPU
		{FFCAE5EC-E9E1-40C0-8621-1DEE9074ACAE}.Release|Any CPU.ActiveCfg = Release|Any CPU
		{FFCAE5EC-E9E1-40C0-8621-1DEE9074ACAE}.Release|Any CPU.Build.0 = Release|Any CPU
	EndGlobalSection
	GlobalSection(SolutionProperties) = preSolution
		HideSolutionNode = FALSE
	EndGlobalSection
	GlobalSection(ExtensibilityGlobals) = postSolution
		SolutionGuid = {8A0FC4CE-DAB2-4B59-9C3C-6F39460215D5}
	EndGlobalSection
EndGlobal
